// !$*UTF8*$!
{
	archiveVersion = 1;
	classes = {
	};
	objectVersion = 50;
	objects = {

/* Begin PBXBuildFile section */
		D1FCF10324B1A3A100FEA593 /* AppDelegate.swift in Sources */ = {isa = PBXBuildFile; fileRef = D1FCF10224B1A3A100FEA593 /* AppDelegate.swift */; };
		D1FCF10524B1A3A100FEA593 /* SceneDelegate.swift in Sources */ = {isa = PBXBuildFile; fileRef = D1FCF10424B1A3A100FEA593 /* SceneDelegate.swift */; };
		D1FCF10824B1A3A100FEA593 /* balance.xcdatamodeld in Sources */ = {isa = PBXBuildFile; fileRef = D1FCF10624B1A3A100FEA593 /* balance.xcdatamodeld */; };
		D1FCF10A24B1A3A100FEA593 /* ContentView.swift in Sources */ = {isa = PBXBuildFile; fileRef = D1FCF10924B1A3A100FEA593 /* ContentView.swift */; };
		D1FCF10C24B1A3A200FEA593 /* Assets.xcassets in Resources */ = {isa = PBXBuildFile; fileRef = D1FCF10B24B1A3A200FEA593 /* Assets.xcassets */; };
		D1FCF10F24B1A3A200FEA593 /* Preview Assets.xcassets in Resources */ = {isa = PBXBuildFile; fileRef = D1FCF10E24B1A3A200FEA593 /* Preview Assets.xcassets */; };
		D1FCF11224B1A3A200FEA593 /* LaunchScreen.storyboard in Resources */ = {isa = PBXBuildFile; fileRef = D1FCF11024B1A3A200FEA593 /* LaunchScreen.storyboard */; };
/* End PBXBuildFile section */

/* Begin PBXFileReference section */
		D1FCF0FF24B1A3A100FEA593 /* balance.app */ = {isa = PBXFileReference; explicitFileType = wrapper.application; includeInIndex = 0; path = balance.app; sourceTree = BUILT_PRODUCTS_DIR; };
		D1FCF10224B1A3A100FEA593 /* AppDelegate.swift */ = {isa = PBXFileReference; lastKnownFileType = sourcecode.swift; path = AppDelegate.swift; sourceTree = "<group>"; };
		D1FCF10424B1A3A100FEA593 /* SceneDelegate.swift */ = {isa = PBXFileReference; lastKnownFileType = sourcecode.swift; path = SceneDelegate.swift; sourceTree = "<group>"; };
		D1FCF10724B1A3A100FEA593 /* balance.xcdatamodel */ = {isa = PBXFileReference; lastKnownFileType = wrapper.xcdatamodel; path = balance.xcdatamodel; sourceTree = "<group>"; };
		D1FCF10924B1A3A100FEA593 /* ContentView.swift */ = {isa = PBXFileReference; lastKnownFileType = sourcecode.swift; path = ContentView.swift; sourceTree = "<group>"; };
		D1FCF10B24B1A3A200FEA593 /* Assets.xcassets */ = {isa = PBXFileReference; lastKnownFileType = folder.assetcatalog; path = Assets.xcassets; sourceTree = "<group>"; };
		D1FCF10E24B1A3A200FEA593 /* Preview Assets.xcassets */ = {isa = PBXFileReference; lastKnownFileType = folder.assetcatalog; path = "Preview Assets.xcassets"; sourceTree = "<group>"; };
		D1FCF11124B1A3A200FEA593 /* Base */ = {isa = PBXFileReference; lastKnownFileType = file.storyboard; name = Base; path = Base.lproj/LaunchScreen.storyboard; sourceTree = "<group>"; };
		D1FCF11324B1A3A200FEA593 /* Info.plist */ = {isa = PBXFileReference; lastKnownFileType = text.plist.xml; path = Info.plist; sourceTree = "<group>"; };
/* End PBXFileReference section */

/* Begin PBXFrameworksBuildPhase section */
		D1FCF0FC24B1A3A100FEA593 /* Frameworks */ = {
			isa = PBXFrameworksBuildPhase;
			buildActionMask = 2147483647;
			files = (
			);
			runOnlyForDeploymentPostprocessing = 0;
		};
/* End PBXFrameworksBuildPhase section */

/* Begin PBXGroup section */
		D1FCF0F624B1A3A100FEA593 = {
			isa = PBXGroup;
			children = (
				D1FCF10124B1A3A100FEA593 /* balance */,
				D1FCF10024B1A3A100FEA593 /* Products */,
			);
			sourceTree = "<group>";
		};
		D1FCF10024B1A3A100FEA593 /* Products */ = {
			isa = PBXGroup;
			children = (
				D1FCF0FF24B1A3A100FEA593 /* balance.app */,
			);
			name = Products;
			sourceTree = "<group>";
		};
		D1FCF10124B1A3A100FEA593 /* balance */ = {
			isa = PBXGroup;
			children = (
				D1FCF10224B1A3A100FEA593 /* AppDelegate.swift */,
				D1FCF10424B1A3A100FEA593 /* SceneDelegate.swift */,
				D1FCF10924B1A3A100FEA593 /* ContentView.swift */,
				D1FCF10B24B1A3A200FEA593 /* Assets.xcassets */,
				D1FCF11024B1A3A200FEA593 /* LaunchScreen.storyboard */,
				D1FCF11324B1A3A200FEA593 /* Info.plist */,
				D1FCF10624B1A3A100FEA593 /* balance.xcdatamodeld */,
				D1FCF10D24B1A3A200FEA593 /* Preview Content */,
			);
			path = balance;
			sourceTree = "<group>";
		};
		D1FCF10D24B1A3A200FEA593 /* Preview Content */ = {
			isa = PBXGroup;
			children = (
				D1FCF10E24B1A3A200FEA593 /* Preview Assets.xcassets */,
			);
			path = "Preview Content";
			sourceTree = "<group>";
		};
/* End PBXGroup section */

/* Begin PBXNativeTarget section */
		D1FCF0FE24B1A3A100FEA593 /* balance */ = {
			isa = PBXNativeTarget;
			buildConfigurationList = D1FCF11624B1A3A200FEA593 /* Build configuration list for PBXNativeTarget "balance" */;
			buildPhases = (
				D1FCF0FB24B1A3A100FEA593 /* Sources */,
				D1FCF0FC24B1A3A100FEA593 /* Frameworks */,
				D1FCF0FD24B1A3A100FEA593 /* Resources */,
			);
			buildRules = (
			);
			dependencies = (
			);
			name = balance;
			productName = balance;
			productReference = D1FCF0FF24B1A3A100FEA593 /* balance.app */;
			productType = "com.apple.product-type.application";
		};
/* End PBXNativeTarget section */

/* Begin PBXProject section */
		D1FCF0F724B1A3A100FEA593 /* Project object */ = {
			isa = PBXProject;
			attributes = {
				LastSwiftUpdateCheck = 1150;
				LastUpgradeCheck = 1150;
				ORGANIZATIONNAME = "Aldiyar Batyrbekov";
				TargetAttributes = {
					D1FCF0FE24B1A3A100FEA593 = {
						CreatedOnToolsVersion = 11.5;
					};
				};
			};
			buildConfigurationList = D1FCF0FA24B1A3A100FEA593 /* Build configuration list for PBXProject "balance" */;
			compatibilityVersion = "Xcode 9.3";
			developmentRegion = en;
			hasScannedForEncodings = 0;
			knownRegions = (
				en,
				Base,
			);
			mainGroup = D1FCF0F624B1A3A100FEA593;
			productRefGroup = D1FCF10024B1A3A100FEA593 /* Products */;
			projectDirPath = "";
			projectRoot = "";
			targets = (
				D1FCF0FE24B1A3A100FEA593 /* balance */,
			);
		};
/* End PBXProject section */

/* Begin PBXResourcesBuildPhase section */
		D1FCF0FD24B1A3A100FEA593 /* Resources */ = {
			isa = PBXResourcesBuildPhase;
			buildActionMask = 2147483647;
			files = (
				D1FCF11224B1A3A200FEA593 /* LaunchScreen.storyboard in Resources */,
				D1FCF10F24B1A3A200FEA593 /* Preview Assets.xcassets in Resources */,
				D1FCF10C24B1A3A200FEA593 /* Assets.xcassets in Resources */,
			);
			runOnlyForDeploymentPostprocessing = 0;
		};
/* End PBXResourcesBuildPhase section */

/* Begin PBXSourcesBuildPhase section */
		D1FCF0FB24B1A3A100FEA593 /* Sources */ = {
			isa = PBXSourcesBuildPhase;
			buildActionMask = 2147483647;
			files = (
				D1FCF10324B1A3A100FEA593 /* AppDelegate.swift in Sources */,
				D1FCF10524B1A3A100FEA593 /* SceneDelegate.swift in Sources */,
				D1FCF10A24B1A3A100FEA593 /* ContentView.swift in Sources */,
				D1FCF10824B1A3A100FEA593 /* balance.xcdatamodeld in Sources */,
			);
			runOnlyForDeploymentPostprocessing = 0;
		};
/* End PBXSourcesBuildPhase section */

/* Begin PBXVariantGroup section */
		D1FCF11024B1A3A200FEA593 /* LaunchScreen.storyboard */ = {
			isa = PBXVariantGroup;
			children = (
				D1FCF11124B1A3A200FEA593 /* Base */,
			);
			name = LaunchScreen.storyboard;
			sourceTree = "<group>";
		};
/* End PBXVariantGroup section */

/* Begin XCBuildConfiguration section */
		D1FCF11424B1A3A200FEA593 /* Debug */ = {
			isa = XCBuildConfiguration;
			buildSettings = {
				ALWAYS_SEARCH_USER_PATHS = NO;
				CLANG_ANALYZER_NONNULL = YES;
				CLANG_ANALYZER_NUMBER_OBJECT_CONVERSION = YES_AGGRESSIVE;
				CLANG_CXX_LANGUAGE_STANDARD = "gnu++14";
				CLANG_CXX_LIBRARY = "libc++";
				CLANG_ENABLE_MODULES = YES;
				CLANG_ENABLE_OBJC_ARC = YES;
				CLANG_ENABLE_OBJC_WEAK = YES;
				CLANG_WARN_BLOCK_CAPTURE_AUTORELEASING = YES;
				CLANG_WARN_BOOL_CONVERSION = YES;
				CLANG_WARN_COMMA = YES;
				CLANG_WARN_CONSTANT_CONVERSION = YES;
				CLANG_WARN_DEPRECATED_OBJC_IMPLEMENTATIONS = YES;
				CLANG_WARN_DIRECT_OBJC_ISA_USAGE = YES_ERROR;
				CLANG_WARN_DOCUMENTATION_COMMENTS = YES;
				CLANG_WARN_EMPTY_BODY = YES;
				CLANG_WARN_ENUM_CONVERSION = YES;
				CLANG_WARN_INFINITE_RECURSION = YES;
				CLANG_WARN_INT_CONVERSION = YES;
				CLANG_WARN_NON_LITERAL_NULL_CONVERSION = YES;
				CLANG_WARN_OBJC_IMPLICIT_RETAIN_SELF = YES;
				CLANG_WARN_OBJC_LITERAL_CONVERSION = YES;
				CLANG_WARN_OBJC_ROOT_CLASS = YES_ERROR;
				CLANG_WARN_RANGE_LOOP_ANALYSIS = YES;
				CLANG_WARN_STRICT_PROTOTYPES = YES;
				CLANG_WARN_SUSPICIOUS_MOVE = YES;
				CLANG_WARN_UNGUARDED_AVAILABILITY = YES_AGGRESSIVE;
				CLANG_WARN_UNREACHABLE_CODE = YES;
				CLANG_WARN__DUPLICATE_METHOD_MATCH = YES;
				COPY_PHASE_STRIP = NO;
				DEBUG_INFORMATION_FORMAT = dwarf;
				ENABLE_STRICT_OBJC_MSGSEND = YES;
				ENABLE_TESTABILITY = YES;
				GCC_C_LANGUAGE_STANDARD = gnu11;
				GCC_DYNAMIC_NO_PIC = NO;
				GCC_NO_COMMON_BLOCKS = YES;
				GCC_OPTIMIZATION_LEVEL = 0;
				GCC_PREPROCESSOR_DEFINITIONS = (
					"DEBUG=1",
					"$(inherited)",
				);
				GCC_WARN_64_TO_32_BIT_CONVERSION = YES;
				GCC_WARN_ABOUT_RETURN_TYPE = YES_ERROR;
				GCC_WARN_UNDECLARED_SELECTOR = YES;
				GCC_WARN_UNINITIALIZED_AUTOS = YES_AGGRESSIVE;
				GCC_WARN_UNUSED_FUNCTION = YES;
				GCC_WARN_UNUSED_VARIABLE = YES;
				IPHONEOS_DEPLOYMENT_TARGET = 13.5;
				MTL_ENABLE_DEBUG_INFO = INCLUDE_SOURCE;
				MTL_FAST_MATH = YES;
				ONLY_ACTIVE_ARCH = YES;
				SDKROOT = iphoneos;
				SWIFT_ACTIVE_COMPILATION_CONDITIONS = DEBUG;
				SWIFT_OPTIMIZATION_LEVEL = "-Onone";
			};
			name = Debug;
		};
		D1FCF11524B1A3A200FEA593 /* Release */ = {
			isa = XCBuildConfiguration;
			buildSettings = {
				ALWAYS_SEARCH_USER_PATHS = NO;
				CLANG_ANALYZER_NONNULL = YES;
				CLANG_ANALYZER_NUMBER_OBJECT_CONVERSION = YES_AGGRESSIVE;
				CLANG_CXX_LANGUAGE_STANDARD = "gnu++14";
				CLANG_CXX_LIBRARY = "libc++";
				CLANG_ENABLE_MODULES = YES;
				CLANG_ENABLE_OBJC_ARC = YES;
				CLANG_ENABLE_OBJC_WEAK = YES;
				CLANG_WARN_BLOCK_CAPTURE_AUTORELEASING = YES;
				CLANG_WARN_BOOL_CONVERSION = YES;
				CLANG_WARN_COMMA = YES;
				CLANG_WARN_CONSTANT_CONVERSION = YES;
				CLANG_WARN_DEPRECATED_OBJC_IMPLEMENTATIONS = YES;
				CLANG_WARN_DIRECT_OBJC_ISA_USAGE = YES_ERROR;
				CLANG_WARN_DOCUMENTATION_COMMENTS = YES;
				CLANG_WARN_EMPTY_BODY = YES;
				CLANG_WARN_ENUM_CONVERSION = YES;
				CLANG_WARN_INFINITE_RECURSION = YES;
				CLANG_WARN_INT_CONVERSION = YES;
				CLANG_WARN_NON_LITERAL_NULL_CONVERSION = YES;
				CLANG_WARN_OBJC_IMPLICIT_RETAIN_SELF = YES;
				CLANG_WARN_OBJC_LITERAL_CONVERSION = YES;
				CLANG_WARN_OBJC_ROOT_CLASS = YES_ERROR;
				CLANG_WARN_RANGE_LOOP_ANALYSIS = YES;
				CLANG_WARN_STRICT_PROTOTYPES = YES;
				CLANG_WARN_SUSPICIOUS_MOVE = YES;
				CLANG_WARN_UNGUARDED_AVAILABILITY = YES_AGGRESSIVE;
				CLANG_WARN_UNREACHABLE_CODE = YES;
				CLANG_WARN__DUPLICATE_METHOD_MATCH = YES;
				COPY_PHASE_STRIP = NO;
				DEBUG_INFORMATION_FORMAT = "dwarf-with-dsym";
				ENABLE_NS_ASSERTIONS = NO;
				ENABLE_STRICT_OBJC_MSGSEND = YES;
				GCC_C_LANGUAGE_STANDARD = gnu11;
				GCC_NO_COMMON_BLOCKS = YES;
				GCC_WARN_64_TO_32_BIT_CONVERSION = YES;
				GCC_WARN_ABOUT_RETURN_TYPE = YES_ERROR;
				GCC_WARN_UNDECLARED_SELECTOR = YES;
				GCC_WARN_UNINITIALIZED_AUTOS = YES_AGGRESSIVE;
				GCC_WARN_UNUSED_FUNCTION = YES;
				GCC_WARN_UNUSED_VARIABLE = YES;
				IPHONEOS_DEPLOYMENT_TARGET = 13.5;
				MTL_ENABLE_DEBUG_INFO = NO;
				MTL_FAST_MATH = YES;
				SDKROOT = iphoneos;
				SWIFT_COMPILATION_MODE = wholemodule;
				SWIFT_OPTIMIZATION_LEVEL = "-O";
				VALIDATE_PRODUCT = YES;
			};
			name = Release;
		};
		D1FCF11724B1A3A200FEA593 /* Debug */ = {
			isa = XCBuildConfiguration;
			buildSettings = {
				ASSETCATALOG_COMPILER_APPICON_NAME = AppIcon;
				CODE_SIGN_STYLE = Automatic;
				DEVELOPMENT_ASSET_PATHS = "\"balance/Preview Content\"";
				ENABLE_PREVIEWS = YES;
				INFOPLIST_FILE = balance/Info.plist;
				LD_RUNPATH_SEARCH_PATHS = (
					"$(inherited)",
					"@executable_path/Frameworks",
				);
				PRODUCT_BUNDLE_IDENTIFIER = com.aldibacreates.balance;
				PRODUCT_NAME = "$(TARGET_NAME)";
				SWIFT_VERSION = 5.0;
				TARGETED_DEVICE_FAMILY = "1,2";
			};
			name = Debug;
		};
		D1FCF11824B1A3A200FEA593 /* Release */ = {
			isa = XCBuildConfiguration;
			buildSettings = {
				ASSETCATALOG_COMPILER_APPICON_NAME = AppIcon;
				CODE_SIGN_STYLE = Automatic;
				DEVELOPMENT_ASSET_PATHS = "\"balance/Preview Content\"";
				ENABLE_PREVIEWS = YES;
				INFOPLIST_FILE = balance/Info.plist;
				LD_RUNPATH_SEARCH_PATHS = (
					"$(inherited)",
					"@executable_path/Frameworks",
				);
				PRODUCT_BUNDLE_IDENTIFIER = com.aldibacreates.balance;
				PRODUCT_NAME = "$(TARGET_NAME)";
				SWIFT_VERSION = 5.0;
				TARGETED_DEVICE_FAMILY = "1,2";
			};
			name = Release;
		};
/* End XCBuildConfiguration section */

/* Begin XCConfigurationList section */
		D1FCF0FA24B1A3A100FEA593 /* Build configuration list for PBXProject "balance" */ = {
			isa = XCConfigurationList;
			buildConfigurations = (
				D1FCF11424B1A3A200FEA593 /* Debug */,
				D1FCF11524B1A3A200FEA593 /* Release */,
			);
			defaultConfigurationIsVisible = 0;
			defaultConfigurationName = Release;
		};
		D1FCF11624B1A3A200FEA593 /* Build configuration list for PBXNativeTarget "balance" */ = {
			isa = XCConfigurationList;
			buildConfigurations = (
				D1FCF11724B1A3A200FEA593 /* Debug */,
				D1FCF11824B1A3A200FEA593 /* Release */,
			);
			defaultConfigurationIsVisible = 0;
			defaultConfigurationName = Release;
		};
/* End XCConfigurationList section */

/* Begin XCVersionGroup section */
		D1FCF10624B1A3A100FEA593 /* balance.xcdatamodeld */ = {
			isa = XCVersionGroup;
			children = (
				D1FCF10724B1A3A100FEA593 /* balance.xcdatamodel */,
			);
			currentVersion = D1FCF10724B1A3A100FEA593 /* balance.xcdatamodel */;
			path = balance.xcdatamodeld;
			sourceTree = "<group>";
			versionGroupType = wrapper.xcdatamodel;
		};
/* End XCVersionGroup section */
	};
	rootObject = D1FCF0F724B1A3A100FEA593 /* Project object */;
}
